
Microsoft Visual Studio Solution File, Format Version 12.00
# Visual Studio 15
VisualStudioVersion = 15.0.26430.16
MinimumVisualStudioVersion = 10.0.40219.1
Project("{FAE04EC0-301F-11D3-BF4B-00C04F79EFBC}") = "TPCWare.SPTest.WebApp", "TPCWare.SPTest.WebApp\TPCWare.SPTest.WebApp.csproj", "{10CA747F-89CA-432C-8E80-C2D9695A840F}"
EndProject
Project("{FAE04EC0-301F-11D3-BF4B-00C04F79EFBC}") = "TPCWare.SPTest.SAML", "TPCWare.SPTest.SAML\TPCWare.SPTest.SAML.csproj", "{E728EAD7-4AAA-4EF8-B6A5-8ABDA055BC7E}"
EndProject
Project("{9A19103F-16F7-4668-BE54-9A1E7A4F7556}") = "TPCWare.SPTest.SAML2", "TPCWare.SPTest.SAML2\TPCWare.SPTest.SAML2.csproj", "{9ADC4F2E-624A-44F4-8411-1C423B6AD456}"
EndProject
Project("{9A19103F-16F7-4668-BE54-9A1E7A4F7556}") = "TPCWare.SPTest.AspNetCore.WebApp", "TPCWare.SPTest.AspNetCore.WebApp\TPCWare.SPTest.AspNetCore.WebApp.csproj", "{85186B42-A3EA-41B7-9AD3-468DDE04B866}"
EndProject
Global
	GlobalSection(SolutionConfigurationPlatforms) = preSolution
		Debug|Any CPU = Debug|Any CPU
		Release|Any CPU = Release|Any CPU
	EndGlobalSection
	GlobalSection(ProjectConfigurationPlatforms) = postSolution
		{10CA747F-89CA-432C-8E80-C2D9695A840F}.Debug|Any CPU.ActiveCfg = Debug|Any CPU
		{10CA747F-89CA-432C-8E80-C2D9695A840F}.Debug|Any CPU.Build.0 = Debug|Any CPU
		{10CA747F-89CA-432C-8E80-C2D9695A840F}.Release|Any CPU.ActiveCfg = Release|Any CPU
		{10CA747F-89CA-432C-8E80-C2D9695A840F}.Release|Any CPU.Build.0 = Release|Any CPU
		{E728EAD7-4AAA-4EF8-B6A5-8ABDA055BC7E}.Debug|Any CPU.ActiveCfg = Debug|Any CPU
		{E728EAD7-4AAA-4EF8-B6A5-8ABDA055BC7E}.Debug|Any CPU.Build.0 = Debug|Any CPU
		{E728EAD7-4AAA-4EF8-B6A5-8ABDA055BC7E}.Release|Any CPU.ActiveCfg = Release|Any CPU
		{E728EAD7-4AAA-4EF8-B6A5-8ABDA055BC7E}.Release|Any CPU.Build.0 = Release|Any CPU
		{9ADC4F2E-624A-44F4-8411-1C423B6AD456}.Debug|Any CPU.ActiveCfg = Debug|Any CPU
		{9ADC4F2E-624A-44F4-8411-1C423B6AD456}.Release|Any CPU.ActiveCfg = Release|Any CPU
		{9ADC4F2E-624A-44F4-8411-1C423B6AD456}.Release|Any CPU.Build.0 = Release|Any CPU
		{85186B42-A3EA-41B7-9AD3-468DDE04B866}.Debug|Any CPU.ActiveCfg = Debug|Any CPU
		{85186B42-A3EA-41B7-9AD3-468DDE04B866}.Release|Any CPU.ActiveCfg = Release|Any CPU
		{85186B42-A3EA-41B7-9AD3-468DDE04B866}.Release|Any CPU.Build.0 = Release|Any CPU
	EndGlobalSection
	GlobalSection(SolutionProperties) = preSolution
		HideSolutionNode = FALSE
	EndGlobalSection
	GlobalSection(ExtensibilityGlobals) = postSolution
		SolutionGuid = {F191A2F6-BC85-41A2-9433-DF478C3676F4}
	EndGlobalSection
EndGlobal
